# This file is @generated by PDM.
# It is not intended for manual editing.

[metadata]
groups = []
lockfile_version = "4.0"
python_version = "3.12"

[[package]]
name = "time-tracking-system"
version = "1.0.0"
source = {virtual = ""}
dependencies = []

[metadata.lock]
[metadata.lock.content_hash]
sha256 = "e3b0c44298fc1c149afbf4c8996fb92427ae41e4649b934ca495991b7852b855"
